
Microsoft Visual Studio Solution File, Format Version 12.00
# Visual Studio Version 17
VisualStudioVersion = 17.10.34916.146
MinimumVisualStudioVersion = 10.0.40219.1
Project("{FAE04EC0-301F-11D3-BF4B-00C04F79EFBC}") = "Nomina De Empleado", "Nomina De Empleado.csproj", "{0157F28F-2EDB-4A11-A713-678B1F19CB94}"
EndProject
Global
	GlobalSection(SolutionConfigurationPlatforms) = preSolution
		Debug|Any CPU = Debug|Any CPU
		Release|Any CPU = Release|Any CPU
	EndGlobalSection
	GlobalSection(ProjectConfigurationPlatforms) = postSolution
		{0157F28F-2EDB-4A11-A713-678B1F19CB94}.Debug|Any CPU.ActiveCfg = Debug|Any CPU
		{0157F28F-2EDB-4A11-A713-678B1F19CB94}.Debug|Any CPU.Build.0 = Debug|Any CPU
		{0157F28F-2EDB-4A11-A713-678B1F19CB94}.Release|Any CPU.ActiveCfg = Release|Any CPU
		{0157F28F-2EDB-4A11-A713-678B1F19CB94}.Release|Any CPU.Build.0 = Release|Any CPU
	EndGlobalSection
	GlobalSection(SolutionProperties) = preSolution
		HideSolutionNode = FALSE
	EndGlobalSection
	GlobalSection(ExtensibilityGlobals) = postSolution
		SolutionGuid = {D6CE6214-0A7E-475E-9A46-B88A1AE75C4B}
	EndGlobalSection
EndGlobal
